
Microsoft Visual Studio Solution File, Format Version 12.00
# Visual Studio Version 17
VisualStudioVersion = 17.3.32819.101
MinimumVisualStudioVersion = 10.0.40219.1
Project("{FAE04EC0-301F-11D3-BF4B-00C04F79EFBC}") = "SaveTheEggs", "SaveTheEggs\SaveTheEggs.csproj", "{319AD1E0-C44E-4066-BEED-94BA4D7DFC4E}"
EndProject
Global
	GlobalSection(SolutionConfigurationPlatforms) = preSolution
		Debug|Any CPU = Debug|Any CPU
		Release|Any CPU = Release|Any CPU
	EndGlobalSection
	GlobalSection(ProjectConfigurationPlatforms) = postSolution
		{319AD1E0-C44E-4066-BEED-94BA4D7DFC4E}.Debug|Any CPU.ActiveCfg = Debug|Any CPU
		{319AD1E0-C44E-4066-BEED-94BA4D7DFC4E}.Debug|Any CPU.Build.0 = Debug|Any CPU
		{319AD1E0-C44E-4066-BEED-94BA4D7DFC4E}.Release|Any CPU.ActiveCfg = Release|Any CPU
		{319AD1E0-C44E-4066-BEED-94BA4D7DFC4E}.Release|Any CPU.Build.0 = Release|Any CPU
	EndGlobalSection
	GlobalSection(SolutionProperties) = preSolution
		HideSolutionNode = FALSE
	EndGlobalSection
	GlobalSection(ExtensibilityGlobals) = postSolution
		SolutionGuid = {8BA36D94-7E43-40B4-8825-9CBFE23567BD}
	EndGlobalSection
EndGlobal
